
Microsoft Visual Studio Solution File, Format Version 12.00
# Visual Studio Version 16
VisualStudioVersion = 16.0.34031.81
MinimumVisualStudioVersion = 10.0.40219.1
Project("{2150E333-8FDC-42A3-9474-1A3956D46DE8}") = "Task0", "Task0", "{164E70E4-D6D2-4CA7-B69E-5A30FB1B574C}"
EndProject
Project("{FAE04EC0-301F-11D3-BF4B-00C04F79EFBC}") = "Tyuiu.DudkovIE.Sprint5.Task0.V19", "Tyuiu.DudkovIE.Sprint5.Task0.V19\Tyuiu.DudkovIE.Sprint5.Task0.V19.csproj", "{36981702-C7DE-4BB2-BEA8-9AA910EE2F1F}"
EndProject
Project("{FAE04EC0-301F-11D3-BF4B-00C04F79EFBC}") = "Tyuiu.DudkovIE.Sprint5.Task0.V19.Lib", "Tyuiu.DudkovIE.Sprint5.Task0.V19.Lib\Tyuiu.DudkovIE.Sprint5.Task0.V19.Lib.csproj", "{7244532D-347D-4B3D-B567-5254B16C7F77}"
EndProject
Project("{FAE04EC0-301F-11D3-BF4B-00C04F79EFBC}") = "Tyuiu.DudkovIE.Sprint5.Task0.V19.Test", "Tyuiu.DudkovIE.Sprint5.Task0.V19.Test\Tyuiu.DudkovIE.Sprint5.Task0.V19.Test.csproj", "{978C25EA-7C32-4122-A391-D0EE152A663F}"
EndProject
Project("{2150E333-8FDC-42A3-9474-1A3956D46DE8}") = "Task1", "Task1", "{5441CB12-96B0-4A69-AF3E-D24064D3ACBD}"
EndProject
Project("{FAE04EC0-301F-11D3-BF4B-00C04F79EFBC}") = "Tyuiu.DudkovIE.Sprint5.Task1.V16", "Tyuiu.DudkovIE.Sprint5.Task1.V16\Tyuiu.DudkovIE.Sprint5.Task1.V16.csproj", "{053C5FD9-CBD9-43C9-A75D-34F5681CE695}"
EndProject
Project("{FAE04EC0-301F-11D3-BF4B-00C04F79EFBC}") = "Tyuiu.DudkovIE.Sprint5.Task1.V16.Lib", "Tyuiu.DudkovIE.Sprint5.Task1.V16.Lib\Tyuiu.DudkovIE.Sprint5.Task1.V16.Lib.csproj", "{C5C41428-2E42-4405-91D9-C58A9E4D0ACE}"
EndProject
Project("{FAE04EC0-301F-11D3-BF4B-00C04F79EFBC}") = "Tyuiu.DudkovIE.Sprint5.Task1.V16.Test", "Tyuiu.DudkovIE.Sprint5.Task1.V16.Test\Tyuiu.DudkovIE.Sprint5.Task1.V16.Test.csproj", "{C5386359-6B25-4997-82BC-623AFEFB5AD6}"
EndProject
Project("{2150E333-8FDC-42A3-9474-1A3956D46DE8}") = "Task2", "Task2", "{2B767BB6-25FD-4EE4-B039-7EFCDC475C07}"
EndProject
Project("{FAE04EC0-301F-11D3-BF4B-00C04F79EFBC}") = "Tyuiu.DudkovIE.Sprint5.Task2.V2", "Tyuiu.DudkovIE.Sprint5.Task2.V2\Tyuiu.DudkovIE.Sprint5.Task2.V2.csproj", "{F443335B-7CE3-44A8-85D7-9B2A3FB44718}"
EndProject
Project("{FAE04EC0-301F-11D3-BF4B-00C04F79EFBC}") = "Tyuiu.DudkovIE.Sprint5.Task2.V2.Lib", "Tyuiu.DudkovIE.Sprint5.Task2.V2.Lib\Tyuiu.DudkovIE.Sprint5.Task2.V2.Lib.csproj", "{55AA2B66-6626-4C4B-AD8F-C6958CF60773}"
EndProject
Project("{FAE04EC0-301F-11D3-BF4B-00C04F79EFBC}") = "Tyuiu.DudkovIE.Sprint5.Task2.V2.Test", "Tyuiu.DudkovIE.Sprint5.Task2.V2.Test\Tyuiu.DudkovIE.Sprint5.Task2.V2.Test.csproj", "{C2CC159F-6617-41A3-9A17-440CB8EDAE03}"
EndProject
Project("{2150E333-8FDC-42A3-9474-1A3956D46DE8}") = "Task3", "Task3", "{16315EEC-C01A-4F54-8D4E-2A4072575075}"
EndProject
Project("{FAE04EC0-301F-11D3-BF4B-00C04F79EFBC}") = "Tyuiu.DudkovIE.Sprint5.Task3.V14", "Tyuiu.DudkovIE.Sprint5.Task3.V14\Tyuiu.DudkovIE.Sprint5.Task3.V14.csproj", "{7769CACC-544D-4AD1-9021-642067EECA38}"
EndProject
Project("{FAE04EC0-301F-11D3-BF4B-00C04F79EFBC}") = "Tyuiu.DudkovIE.Sprint5.Task3.V14.Lib", "Tyuiu.DudkovIE.Sprint5.Task3.V14.Lib\Tyuiu.DudkovIE.Sprint5.Task3.V14.Lib.csproj", "{4CB585E2-9E03-4CFB-B8D4-AC8184A53194}"
EndProject
Project("{FAE04EC0-301F-11D3-BF4B-00C04F79EFBC}") = "Tyuiu.DudkovIE.Sprint5.Task3.V14.Test", "Tyuiu.DudkovIE.Sprint5.Task3.V14.Test\Tyuiu.DudkovIE.Sprint5.Task3.V14.Test.csproj", "{2FE55D6C-E1FB-406B-AD2D-221785AB6FEB}"
EndProject
Global
	GlobalSection(SolutionConfigurationPlatforms) = preSolution
		Debug|Any CPU = Debug|Any CPU
		Release|Any CPU = Release|Any CPU
	EndGlobalSection
	GlobalSection(ProjectConfigurationPlatforms) = postSolution
		{36981702-C7DE-4BB2-BEA8-9AA910EE2F1F}.Debug|Any CPU.ActiveCfg = Debug|Any CPU
		{36981702-C7DE-4BB2-BEA8-9AA910EE2F1F}.Debug|Any CPU.Build.0 = Debug|Any CPU
		{36981702-C7DE-4BB2-BEA8-9AA910EE2F1F}.Release|Any CPU.ActiveCfg = Release|Any CPU
		{36981702-C7DE-4BB2-BEA8-9AA910EE2F1F}.Release|Any CPU.Build.0 = Release|Any CPU
		{7244532D-347D-4B3D-B567-5254B16C7F77}.Debug|Any CPU.ActiveCfg = Debug|Any CPU
		{7244532D-347D-4B3D-B567-5254B16C7F77}.Debug|Any CPU.Build.0 = Debug|Any CPU
		{7244532D-347D-4B3D-B567-5254B16C7F77}.Release|Any CPU.ActiveCfg = Release|Any CPU
		{7244532D-347D-4B3D-B567-5254B16C7F77}.Release|Any CPU.Build.0 = Release|Any CPU
		{978C25EA-7C32-4122-A391-D0EE152A663F}.Debug|Any CPU.ActiveCfg = Debug|Any CPU
		{978C25EA-7C32-4122-A391-D0EE152A663F}.Debug|Any CPU.Build.0 = Debug|Any CPU
		{978C25EA-7C32-4122-A391-D0EE152A663F}.Release|Any CPU.ActiveCfg = Release|Any CPU
		{978C25EA-7C32-4122-A391-D0EE152A663F}.Release|Any CPU.Build.0 = Release|Any CPU
		{053C5FD9-CBD9-43C9-A75D-34F5681CE695}.Debug|Any CPU.ActiveCfg = Debug|Any CPU
		{053C5FD9-CBD9-43C9-A75D-34F5681CE695}.Debug|Any CPU.Build.0 = Debug|Any CPU
		{053C5FD9-CBD9-43C9-A75D-34F5681CE695}.Release|Any CPU.ActiveCfg = Release|Any CPU
		{053C5FD9-CBD9-43C9-A75D-34F5681CE695}.Release|Any CPU.Build.0 = Release|Any CPU
		{C5C41428-2E42-4405-91D9-C58A9E4D0ACE}.Debug|Any CPU.ActiveCfg = Debug|Any CPU
		{C5C41428-2E42-4405-91D9-C58A9E4D0ACE}.Debug|Any CPU.Build.0 = Debug|Any CPU
		{C5C41428-2E42-4405-91D9-C58A9E4D0ACE}.Release|Any CPU.ActiveCfg = Release|Any CPU
		{C5C41428-2E42-4405-91D9-C58A9E4D0ACE}.Release|Any CPU.Build.0 = Release|Any CPU
		{C5386359-6B25-4997-82BC-623AFEFB5AD6}.Debug|Any CPU.ActiveCfg = Debug|Any CPU
		{C5386359-6B25-4997-82BC-623AFEFB5AD6}.Debug|Any CPU.Build.0 = Debug|Any CPU
		{C5386359-6B25-4997-82BC-623AFEFB5AD6}.Release|Any CPU.ActiveCfg = Release|Any CPU
		{C5386359-6B25-4997-82BC-623AFEFB5AD6}.Release|Any CPU.Build.0 = Release|Any CPU
		{F443335B-7CE3-44A8-85D7-9B2A3FB44718}.Debug|Any CPU.ActiveCfg = Debug|Any CPU
		{F443335B-7CE3-44A8-85D7-9B2A3FB44718}.Debug|Any CPU.Build.0 = Debug|Any CPU
		{F443335B-7CE3-44A8-85D7-9B2A3FB44718}.Release|Any CPU.ActiveCfg = Release|Any CPU
		{F443335B-7CE3-44A8-85D7-9B2A3FB44718}.Release|Any CPU.Build.0 = Release|Any CPU
		{55AA2B66-6626-4C4B-AD8F-C6958CF60773}.Debug|Any CPU.ActiveCfg = Debug|Any CPU
		{55AA2B66-6626-4C4B-AD8F-C6958CF60773}.Debug|Any CPU.Build.0 = Debug|Any CPU
		{55AA2B66-6626-4C4B-AD8F-C6958CF60773}.Release|Any CPU.ActiveCfg = Release|Any CPU
		{55AA2B66-6626-4C4B-AD8F-C6958CF60773}.Release|Any CPU.Build.0 = Release|Any CPU
		{C2CC159F-6617-41A3-9A17-440CB8EDAE03}.Debug|Any CPU.ActiveCfg = Debug|Any CPU
		{C2CC159F-6617-41A3-9A17-440CB8EDAE03}.Debug|Any CPU.Build.0 = Debug|Any CPU
		{C2CC159F-6617-41A3-9A17-440CB8EDAE03}.Release|Any CPU.ActiveCfg = Release|Any CPU
		{C2CC159F-6617-41A3-9A17-440CB8EDAE03}.Release|Any CPU.Build.0 = Release|Any CPU
		{7769CACC-544D-4AD1-9021-642067EECA38}.Debug|Any CPU.ActiveCfg = Debug|Any CPU
		{7769CACC-544D-4AD1-9021-642067EECA38}.Debug|Any CPU.Build.0 = Debug|Any CPU
		{7769CACC-544D-4AD1-9021-642067EECA38}.Release|Any CPU.ActiveCfg = Release|Any CPU
		{7769CACC-544D-4AD1-9021-642067EECA38}.Release|Any CPU.Build.0 = Release|Any CPU
		{4CB585E2-9E03-4CFB-B8D4-AC8184A53194}.Debug|Any CPU.ActiveCfg = Debug|Any CPU
		{4CB585E2-9E03-4CFB-B8D4-AC8184A53194}.Debug|Any CPU.Build.0 = Debug|Any CPU
		{4CB585E2-9E03-4CFB-B8D4-AC8184A53194}.Release|Any CPU.ActiveCfg = Release|Any CPU
		{4CB585E2-9E03-4CFB-B8D4-AC8184A53194}.Release|Any CPU.Build.0 = Release|Any CPU
		{2FE55D6C-E1FB-406B-AD2D-221785AB6FEB}.Debug|Any CPU.ActiveCfg = Debug|Any CPU
		{2FE55D6C-E1FB-406B-AD2D-221785AB6FEB}.Debug|Any CPU.Build.0 = Debug|Any CPU
		{2FE55D6C-E1FB-406B-AD2D-221785AB6FEB}.Release|Any CPU.ActiveCfg = Release|Any CPU
		{2FE55D6C-E1FB-406B-AD2D-221785AB6FEB}.Release|Any CPU.Build.0 = Release|Any CPU
	EndGlobalSection
	GlobalSection(SolutionProperties) = preSolution
		HideSolutionNode = FALSE
	EndGlobalSection
	GlobalSection(NestedProjects) = preSolution
		{36981702-C7DE-4BB2-BEA8-9AA910EE2F1F} = {164E70E4-D6D2-4CA7-B69E-5A30FB1B574C}
		{7244532D-347D-4B3D-B567-5254B16C7F77} = {164E70E4-D6D2-4CA7-B69E-5A30FB1B574C}
		{978C25EA-7C32-4122-A391-D0EE152A663F} = {164E70E4-D6D2-4CA7-B69E-5A30FB1B574C}
		{053C5FD9-CBD9-43C9-A75D-34F5681CE695} = {5441CB12-96B0-4A69-AF3E-D24064D3ACBD}
		{C5C41428-2E42-4405-91D9-C58A9E4D0ACE} = {5441CB12-96B0-4A69-AF3E-D24064D3ACBD}
		{C5386359-6B25-4997-82BC-623AFEFB5AD6} = {5441CB12-96B0-4A69-AF3E-D24064D3ACBD}
		{F443335B-7CE3-44A8-85D7-9B2A3FB44718} = {2B767BB6-25FD-4EE4-B039-7EFCDC475C07}
		{55AA2B66-6626-4C4B-AD8F-C6958CF60773} = {2B767BB6-25FD-4EE4-B039-7EFCDC475C07}
		{C2CC159F-6617-41A3-9A17-440CB8EDAE03} = {2B767BB6-25FD-4EE4-B039-7EFCDC475C07}
		{7769CACC-544D-4AD1-9021-642067EECA38} = {16315EEC-C01A-4F54-8D4E-2A4072575075}
		{4CB585E2-9E03-4CFB-B8D4-AC8184A53194} = {16315EEC-C01A-4F54-8D4E-2A4072575075}
		{2FE55D6C-E1FB-406B-AD2D-221785AB6FEB} = {16315EEC-C01A-4F54-8D4E-2A4072575075}
	EndGlobalSection
	GlobalSection(ExtensibilityGlobals) = postSolution
		SolutionGuid = {E78772B8-4B97-44B1-90FF-6D5F6BB4064B}
	EndGlobalSection
EndGlobal
